
Microsoft Visual Studio Solution File, Format Version 12.00
# Visual Studio Version 17
VisualStudioVersion = 17.2.32526.322
MinimumVisualStudioVersion = 10.0.40219.1
Project("{FAE04EC0-301F-11D3-BF4B-00C04F79EFBC}") = "SnakesAndLadders1", "SnakesAndLadders1\SnakesAndLadders1.csproj", "{ED6F7C4B-DA9E-4FE6-A243-2E75027891D3}"
EndProject
Global
	GlobalSection(SolutionConfigurationPlatforms) = preSolution
		Debug|Any CPU = Debug|Any CPU
		Release|Any CPU = Release|Any CPU
	EndGlobalSection
	GlobalSection(ProjectConfigurationPlatforms) = postSolution
		{ED6F7C4B-DA9E-4FE6-A243-2E75027891D3}.Debug|Any CPU.ActiveCfg = Debug|Any CPU
		{ED6F7C4B-DA9E-4FE6-A243-2E75027891D3}.Debug|Any CPU.Build.0 = Debug|Any CPU
		{ED6F7C4B-DA9E-4FE6-A243-2E75027891D3}.Release|Any CPU.ActiveCfg = Release|Any CPU
		{ED6F7C4B-DA9E-4FE6-A243-2E75027891D3}.Release|Any CPU.Build.0 = Release|Any CPU
	EndGlobalSection
	GlobalSection(SolutionProperties) = preSolution
		HideSolutionNode = FALSE
	EndGlobalSection
	GlobalSection(ExtensibilityGlobals) = postSolution
		SolutionGuid = {D56C6F74-CE81-48D9-B954-51644E98B6FE}
	EndGlobalSection
EndGlobal
